
Microsoft Visual Studio Solution File, Format Version 12.00
# Visual Studio 15
VisualStudioVersion = 15.0.27428.2043
MinimumVisualStudioVersion = 10.0.40219.1
Project("{9A19103F-16F7-4668-BE54-9A1E7A4F7556}") = "LeaderAnalytics.AdaptiveClient.EntityFrameworkCore", "LeaderAnalytics.AdaptiveClient.EntityFrameworkCore\LeaderAnalytics.AdaptiveClient.EntityFrameworkCore.csproj", "{8AFE5964-BABC-41F3-9E36-6C2F0FCD3E99}"
EndProject
Project("{9A19103F-16F7-4668-BE54-9A1E7A4F7556}") = "LeaderAnalytics.AdaptiveClient.EntityFrameworkCore.Tests", "LeaderAnalytics.AdaptiveClient.EntityFrameworkCore.Tests\LeaderAnalytics.AdaptiveClient.EntityFrameworkCore.Tests.csproj", "{F4FEFCBF-0116-49CB-B213-41F0F0DE7100}"
EndProject
Project("{9A19103F-16F7-4668-BE54-9A1E7A4F7556}") = "LeaderAnalytics.AdaptiveClient.EntityFrameworkCore.MigrationFactories", "LeaderAnalytics.AdaptiveClient.EntityFrameworkCore.MigrationFactories\LeaderAnalytics.AdaptiveClient.EntityFrameworkCore.MigrationFactories.csproj", "{0DA4E602-03E5-4DC5-84B8-EE858B3F91A8}"
EndProject
Project("{2150E333-8FDC-42A3-9474-1A3956D46DE8}") = "Artifacts", "Artifacts", "{7647F58A-9B55-4E24-8B23-15D56436B3CA}"
	ProjectSection(SolutionItems) = preProject
		README.md = README.md
	EndProjectSection
EndProject
Global
	GlobalSection(SolutionConfigurationPlatforms) = preSolution
		Debug|Any CPU = Debug|Any CPU
		Release|Any CPU = Release|Any CPU
	EndGlobalSection
	GlobalSection(ProjectConfigurationPlatforms) = postSolution
		{8AFE5964-BABC-41F3-9E36-6C2F0FCD3E99}.Debug|Any CPU.ActiveCfg = Debug|Any CPU
		{8AFE5964-BABC-41F3-9E36-6C2F0FCD3E99}.Debug|Any CPU.Build.0 = Debug|Any CPU
		{8AFE5964-BABC-41F3-9E36-6C2F0FCD3E99}.Release|Any CPU.ActiveCfg = Release|Any CPU
		{8AFE5964-BABC-41F3-9E36-6C2F0FCD3E99}.Release|Any CPU.Build.0 = Release|Any CPU
		{F4FEFCBF-0116-49CB-B213-41F0F0DE7100}.Debug|Any CPU.ActiveCfg = Debug|Any CPU
		{F4FEFCBF-0116-49CB-B213-41F0F0DE7100}.Debug|Any CPU.Build.0 = Debug|Any CPU
		{F4FEFCBF-0116-49CB-B213-41F0F0DE7100}.Release|Any CPU.ActiveCfg = Release|Any CPU
		{F4FEFCBF-0116-49CB-B213-41F0F0DE7100}.Release|Any CPU.Build.0 = Release|Any CPU
		{0DA4E602-03E5-4DC5-84B8-EE858B3F91A8}.Debug|Any CPU.ActiveCfg = Debug|Any CPU
		{0DA4E602-03E5-4DC5-84B8-EE858B3F91A8}.Debug|Any CPU.Build.0 = Debug|Any CPU
		{0DA4E602-03E5-4DC5-84B8-EE858B3F91A8}.Release|Any CPU.ActiveCfg = Release|Any CPU
		{0DA4E602-03E5-4DC5-84B8-EE858B3F91A8}.Release|Any CPU.Build.0 = Release|Any CPU
	EndGlobalSection
	GlobalSection(SolutionProperties) = preSolution
		HideSolutionNode = FALSE
	EndGlobalSection
	GlobalSection(ExtensibilityGlobals) = postSolution
		SolutionGuid = {5343F33D-BA17-4FED-9444-97D70BE71E51}
	EndGlobalSection
EndGlobal
